
Microsoft Visual Studio Solution File, Format Version 12.00
# Visual Studio Version 16
VisualStudioVersion = 16.0.30804.86
MinimumVisualStudioVersion = 10.0.40219.1
Project("{8BC9CEB8-8B4A-11D0-8D11-00A0C91BC942}") = "01 Whole number", "Project1\Project1.vcxproj", "{9684A0CC-1A12-4D72-AAF5-45B4D4526E6B}"
EndProject
Project("{8BC9CEB8-8B4A-11D0-8D11-00A0C91BC942}") = "02 whole number2", "Project2\Project2.vcxproj", "{487CF8F0-5E3A-4B3B-B323-ABA5C02BDC9A}"
EndProject
Project("{8BC9CEB8-8B4A-11D0-8D11-00A0C91BC942}") = "03  real number", "Project3\Project3.vcxproj", "{91628667-46F4-490A-94E2-071343C2A03E}"
EndProject
Project("{8BC9CEB8-8B4A-11D0-8D11-00A0C91BC942}") = "04 character", "Project4\Project4.vcxproj", "{023604EF-6F66-4A9A-84AB-FD4051132219}"
EndProject
Project("{8BC9CEB8-8B4A-11D0-8D11-00A0C91BC942}") = "05 character2", "Project5\Project5.vcxproj", "{B9BC392F-5F74-4908-A6EC-1AEF6AA60B9C}"
EndProject
Project("{8BC9CEB8-8B4A-11D0-8D11-00A0C91BC942}") = "06 operator", "operator\operator.vcxproj", "{00177C24-F9F9-40B3-A204-A17758999451}"
EndProject
Project("{8BC9CEB8-8B4A-11D0-8D11-00A0C91BC942}") = "07 relation", "relation\relation.vcxproj", "{50482321-9717-4037-AFB3-8E5145A6FD8B}"
EndProject
Project("{8BC9CEB8-8B4A-11D0-8D11-00A0C91BC942}") = "07_2 logic", "08 logic\08 logic.vcxproj", "{E183DD99-F33B-407F-8B2F-BD50746F22FF}"
EndProject
Project("{2150E333-8FDC-42A3-9474-1A3956D46DE8}") = "01Jan09 C", "01Jan09 C", "{A67F7479-6374-4FA8-A71E-8724167A0C75}"
EndProject
Project("{2150E333-8FDC-42A3-9474-1A3956D46DE8}") = "01Jan16", "01Jan16", "{CCBA6CC9-B922-4183-A28A-CC236150BCC6}"
EndProject
Project("{8BC9CEB8-8B4A-11D0-8D11-00A0C91BC942}") = "08 operator2", "Project6\Project6.vcxproj", "{9E034171-9C12-4003-8D9C-8544AE20BDEB}"
EndProject
Project("{8BC9CEB8-8B4A-11D0-8D11-00A0C91BC942}") = "09 if", "Project7\Project7.vcxproj", "{6AF8354E-682E-422E-AD64-33B3B64B1F4C}"
EndProject
Project("{8BC9CEB8-8B4A-11D0-8D11-00A0C91BC942}") = "10 switch", "Project8\Project8.vcxproj", "{B011F8E9-9E6B-404A-B4B6-B502C2C66031}"
EndProject
Project("{2150E333-8FDC-42A3-9474-1A3956D46DE8}") = "01Jan23", "01Jan23", "{C077275B-6040-4AB5-B8DC-2AEFA8B33F88}"
EndProject
Project("{8BC9CEB8-8B4A-11D0-8D11-00A0C91BC942}") = "11 goto", "11 goto\11 goto.vcxproj", "{BEC6E225-1901-4295-89D3-6A47FE8AEB64}"
EndProject
Project("{8BC9CEB8-8B4A-11D0-8D11-00A0C91BC942}") = "12 for", "12 for\12 for.vcxproj", "{210F8863-F549-41E1-9A84-E6E7C729514A}"
EndProject
Project("{8BC9CEB8-8B4A-11D0-8D11-00A0C91BC942}") = "13 while", "13 while\13 while.vcxproj", "{7C296B17-B0A0-4D6A-AEC1-6E9F34F3FC11}"
EndProject
Project("{8BC9CEB8-8B4A-11D0-8D11-00A0C91BC942}") = "14 function", "14\14.vcxproj", "{945C6EEE-54D1-4D7A-9DA4-C506E3A41188}"
EndProject
Project("{8BC9CEB8-8B4A-11D0-8D11-00A0C91BC942}") = "15 array", "15 array\15 array.vcxproj", "{BBEEACCC-650D-482A-B822-6EDCFB6FD3C6}"
EndProject
Project("{8BC9CEB8-8B4A-11D0-8D11-00A0C91BC942}") = "16 Structure", "16 Structure\16 Structure.vcxproj", "{7E9FC867-2B03-4A9B-A9CD-A1998C80C72F}"
EndProject
Project("{8BC9CEB8-8B4A-11D0-8D11-00A0C91BC942}") = "17 pointer", "17 pointer\17 pointer.vcxproj", "{3BD28D54-19F8-4DAC-A6A6-8DCBC2AEC53A}"
EndProject
Project("{8BC9CEB8-8B4A-11D0-8D11-00A0C91BC942}") = "17.2 pointer2", "17.2 pointer2\17.2 pointer2.vcxproj", "{71D60AD0-23F7-4086-A8BC-FB63081CD117}"
EndProject
Project("{8BC9CEB8-8B4A-11D0-8D11-00A0C91BC942}") = "headerTest", "headerTest\headerTest.vcxproj", "{FE6F7138-5E88-4D1F-AB7D-36930AA84FFF}"
EndProject
Project("{2150E333-8FDC-42A3-9474-1A3956D46DE8}") = "01Jan30", "01Jan30", "{48B32DE1-BA16-4E1E-9BF6-A9EFF96FC9A3}"
EndProject
Project("{8BC9CEB8-8B4A-11D0-8D11-00A0C91BC942}") = "18 array, structure, pointer", "pointer\pointer.vcxproj", "{85011867-5789-4C2F-84C7-4CB01695D8F4}"
EndProject
Project("{8BC9CEB8-8B4A-11D0-8D11-00A0C91BC942}") = "19 dynamic memory", "19 dynamic memory\19 dynamic memory.vcxproj", "{3691AF48-7081-4E42-9AB4-FB0506450897}"
EndProject
Project("{8BC9CEB8-8B4A-11D0-8D11-00A0C91BC942}") = "20 String", "20 String\20 String.vcxproj", "{B8B15746-ACB5-480A-90C3-770679C5D527}"
EndProject
Project("{8BC9CEB8-8B4A-11D0-8D11-00A0C91BC942}") = "21 header, implement(split compile)", "21 header, implement(split compile)\21 header, implement(split compile).vcxproj", "{BF0DFDA3-A487-42AB-97DA-AC04940AED69}"
EndProject
Project("{8BC9CEB8-8B4A-11D0-8D11-00A0C91BC942}") = "22 i.o_text mode", "22 i.o\22 i.o.vcxproj", "{5E9E0083-EDD0-4AD5-908A-12ABA68A2862}"
EndProject
Project("{8BC9CEB8-8B4A-11D0-8D11-00A0C91BC942}") = "23 fuction pointer", "21 fuction pointer\21 fuction pointer.vcxproj", "{3C792807-4DF6-4471-BF35-4D0C8EC010B9}"
EndProject
Project("{8BC9CEB8-8B4A-11D0-8D11-00A0C91BC942}") = "24 complex type", "23 complex type\23 complex type.vcxproj", "{9D5B5D79-1FB4-447B-BA7D-29D65726608B}"
EndProject
Project("{8BC9CEB8-8B4A-11D0-8D11-00A0C91BC942}") = "22-2 i.o binary mode", "22-2 i.o binary mode\22-2 i.o binary mode.vcxproj", "{866F6C75-D358-4442-830B-B39A8FF96B24}"
EndProject
Project("{2150E333-8FDC-42A3-9474-1A3956D46DE8}") = "02Feb06 C++", "02Feb06 C++", "{98FFA250-F0C8-499E-A786-6DC558224C33}"
EndProject
Project("{8BC9CEB8-8B4A-11D0-8D11-00A0C91BC942}") = "25 Variable", "Project9\Project9.vcxproj", "{03BB6D90-9A05-4065-9A77-CAF382B003BD}"
EndProject
Project("{8BC9CEB8-8B4A-11D0-8D11-00A0C91BC942}") = "26 Class", "26 Class\26 Class.vcxproj", "{FD41D97D-7F6A-4C87-A612-B55BA6D2FF17}"
EndProject
Project("{8BC9CEB8-8B4A-11D0-8D11-00A0C91BC942}") = "26-1 practice", "26-1 practice\26-1 practice.vcxproj", "{9296CF44-37A9-406D-814A-0C1E74091A4D}"
EndProject
Project("{2150E333-8FDC-42A3-9474-1A3956D46DE8}") = "02Feb20 C++", "02Feb20 C++", "{70ABF2D4-7707-4A67-87FE-E23CE4D8C640}"
EndProject
Project("{8BC9CEB8-8B4A-11D0-8D11-00A0C91BC942}") = "27 object_", "27 object_\27 object_.vcxproj", "{46A7EB0D-C1E2-4985-AC1E-9A473F9EEE52}"
EndProject
Project("{8BC9CEB8-8B4A-11D0-8D11-00A0C91BC942}") = "28 copy_consturcture _ inline_", "28 copy_consturcture _ inline_\28 copy_consturcture _ inline_.vcxproj", "{9C1D41FE-5B6C-4AAD-8066-BDEB577F49F2}"
EndProject
Project("{8BC9CEB8-8B4A-11D0-8D11-00A0C91BC942}") = "29.const _ function pointer_", "29.const _ function pointer_\29.const _ function pointer_.vcxproj", "{CB40F1F3-B646-408A-BF00-0BAF89D2E499}"
EndProject
Project("{8BC9CEB8-8B4A-11D0-8D11-00A0C91BC942}") = "30. dynamic_", "30. dynamic_\30. dynamic_.vcxproj", "{7DF8A429-F38F-490A-B23A-25C24C9C3888}"
EndProject
Project("{8BC9CEB8-8B4A-11D0-8D11-00A0C91BC942}") = "31 inherit_", "31 inherit_\31 inherit_.vcxproj", "{103830B9-1A4E-483A-9F3D-238DDB2DED23}"
EndProject
Project("{8BC9CEB8-8B4A-11D0-8D11-00A0C91BC942}") = "32.object array _ enum_", "32.object array _ enum_\32.object array _ enum_.vcxproj", "{550AFFA8-4FAA-48FC-9883-80FBD4F514A1}"
EndProject
Project("{8BC9CEB8-8B4A-11D0-8D11-00A0C91BC942}") = "32-1 splitted compile cstyle_", "32-1 splitted compile cstyle_\32-1 splitted compile cstyle_.vcxproj", "{7AE6592C-EEA4-4D63-BAEF-41F72DB993EA}"
EndProject
Project("{2150E333-8FDC-42A3-9474-1A3956D46DE8}") = "02Feb27 C++", "02Feb27 C++", "{5835F578-D20E-437E-9DD4-24A7C8F22155}"
EndProject
Project("{8BC9CEB8-8B4A-11D0-8D11-00A0C91BC942}") = "TASK", "TASK\TASK.vcxproj", "{EF76EB03-2F2C-4A2F-ADA2-14E44D1515F5}"
EndProject
Project("{2150E333-8FDC-42A3-9474-1A3956D46DE8}") = "03March06", "03March06", "{30A5AB82-2D17-4B32-A1D7-2FD19D9DE99A}"
EndProject
Project("{8BC9CEB8-8B4A-11D0-8D11-00A0C91BC942}") = "32. operator overloading", "무제 폴더\ConsoleApplication10 (2)\ConsoleApplication1\ConsoleApplication1.vcxproj", "{48DA5190-435D-4A7D-8A34-F08947D7E1A9}"
EndProject
Project("{8BC9CEB8-8B4A-11D0-8D11-00A0C91BC942}") = "33. operator overloading", "무제 폴더\ConsoleApplication10 (2)\ConsoleApplication2\ConsoleApplication2.vcxproj", "{CA207611-AFE9-4373-9D6B-774A224F49B3}"
EndProject
Project("{8BC9CEB8-8B4A-11D0-8D11-00A0C91BC942}") = "34. template", "무제 폴더\ConsoleApplication10 (2)\ConsoleApplication3\ConsoleApplication3.vcxproj", "{4024369B-3F99-41ED-9A7F-B65A2232B18D}"
EndProject
Project("{8BC9CEB8-8B4A-11D0-8D11-00A0C91BC942}") = "35. STL(Collection framwork)", "무제 폴더\ConsoleApplication10 (2)\ConsoleApplication4\ConsoleApplication4.vcxproj", "{12F002B1-9BCE-452E-9B69-E784E0E495A3}"
EndProject
Project("{8BC9CEB8-8B4A-11D0-8D11-00A0C91BC942}") = "36. namespace", "무제 폴더\ConsoleApplication10 (2)\ConsoleApplication5\ConsoleApplication5.vcxproj", "{98E4D77D-7A5E-4201-84FD-F467168DB4C3}"
EndProject
Project("{8BC9CEB8-8B4A-11D0-8D11-00A0C91BC942}") = "37. Exception", "무제 폴더\ConsoleApplication10 (2)\ConsoleApplication6\ConsoleApplication6.vcxproj", "{38917680-8615-4547-A790-8C0B6D8AA101}"
EndProject
Project("{8BC9CEB8-8B4A-11D0-8D11-00A0C91BC942}") = "31. operator overloading", "무제 폴더\ConsoleApplication10 (2)\ConsoleApplication10\ConsoleApplication10.vcxproj", "{06269B44-5BEC-4963-98AD-A85C4A82B7B8}"
EndProject
Project("{8BC9CEB8-8B4A-11D0-8D11-00A0C91BC942}") = "1.inherit", "무제 폴더\Project4\Project4\Project4.vcxproj", "{6873EAE3-D9CC-48E8-A9A7-3DF576F08D96}"
EndProject
Project("{8BC9CEB8-8B4A-11D0-8D11-00A0C91BC942}") = "2.polymorphism", "무제 폴더\Project4\ConsoleApplication1\ConsoleApplication1.vcxproj", "{56C92C6A-A1DF-4BC8-9E6F-BE601AAD6551}"
EndProject
Global
	GlobalSection(SolutionConfigurationPlatforms) = preSolution
		Debug|x64 = Debug|x64
		Debug|x86 = Debug|x86
		Release|x64 = Release|x64
		Release|x86 = Release|x86
	EndGlobalSection
	GlobalSection(ProjectConfigurationPlatforms) = postSolution
		{9684A0CC-1A12-4D72-AAF5-45B4D4526E6B}.Debug|x64.ActiveCfg = Debug|x64
		{9684A0CC-1A12-4D72-AAF5-45B4D4526E6B}.Debug|x64.Build.0 = Debug|x64
		{9684A0CC-1A12-4D72-AAF5-45B4D4526E6B}.Debug|x86.ActiveCfg = Debug|Win32
		{9684A0CC-1A12-4D72-AAF5-45B4D4526E6B}.Debug|x86.Build.0 = Debug|Win32
		{9684A0CC-1A12-4D72-AAF5-45B4D4526E6B}.Release|x64.ActiveCfg = Release|x64
		{9684A0CC-1A12-4D72-AAF5-45B4D4526E6B}.Release|x64.Build.0 = Release|x64
		{9684A0CC-1A12-4D72-AAF5-45B4D4526E6B}.Release|x86.ActiveCfg = Release|Win32
		{9684A0CC-1A12-4D72-AAF5-45B4D4526E6B}.Release|x86.Build.0 = Release|Win32
		{487CF8F0-5E3A-4B3B-B323-ABA5C02BDC9A}.Debug|x64.ActiveCfg = Debug|x64
		{487CF8F0-5E3A-4B3B-B323-ABA5C02BDC9A}.Debug|x64.Build.0 = Debug|x64
		{487CF8F0-5E3A-4B3B-B323-ABA5C02BDC9A}.Debug|x86.ActiveCfg = Debug|Win32
		{487CF8F0-5E3A-4B3B-B323-ABA5C02BDC9A}.Debug|x86.Build.0 = Debug|Win32
		{487CF8F0-5E3A-4B3B-B323-ABA5C02BDC9A}.Release|x64.ActiveCfg = Release|x64
		{487CF8F0-5E3A-4B3B-B323-ABA5C02BDC9A}.Release|x64.Build.0 = Release|x64
		{487CF8F0-5E3A-4B3B-B323-ABA5C02BDC9A}.Release|x86.ActiveCfg = Release|Win32
		{487CF8F0-5E3A-4B3B-B323-ABA5C02BDC9A}.Release|x86.Build.0 = Release|Win32
		{91628667-46F4-490A-94E2-071343C2A03E}.Debug|x64.ActiveCfg = Debug|x64
		{91628667-46F4-490A-94E2-071343C2A03E}.Debug|x64.Build.0 = Debug|x64
		{91628667-46F4-490A-94E2-071343C2A03E}.Debug|x86.ActiveCfg = Debug|Win32
		{91628667-46F4-490A-94E2-071343C2A03E}.Debug|x86.Build.0 = Debug|Win32
		{91628667-46F4-490A-94E2-071343C2A03E}.Release|x64.ActiveCfg = Release|x64
		{91628667-46F4-490A-94E2-071343C2A03E}.Release|x64.Build.0 = Release|x64
		{91628667-46F4-490A-94E2-071343C2A03E}.Release|x86.ActiveCfg = Release|Win32
		{91628667-46F4-490A-94E2-071343C2A03E}.Release|x86.Build.0 = Release|Win32
		{023604EF-6F66-4A9A-84AB-FD4051132219}.Debug|x64.ActiveCfg = Debug|x64
		{023604EF-6F66-4A9A-84AB-FD4051132219}.Debug|x64.Build.0 = Debug|x64
		{023604EF-6F66-4A9A-84AB-FD4051132219}.Debug|x86.ActiveCfg = Debug|Win32
		{023604EF-6F66-4A9A-84AB-FD4051132219}.Debug|x86.Build.0 = Debug|Win32
		{023604EF-6F66-4A9A-84AB-FD4051132219}.Release|x64.ActiveCfg = Release|x64
		{023604EF-6F66-4A9A-84AB-FD4051132219}.Release|x64.Build.0 = Release|x64
		{023604EF-6F66-4A9A-84AB-FD4051132219}.Release|x86.ActiveCfg = Release|Win32
		{023604EF-6F66-4A9A-84AB-FD4051132219}.Release|x86.Build.0 = Release|Win32
		{B9BC392F-5F74-4908-A6EC-1AEF6AA60B9C}.Debug|x64.ActiveCfg = Debug|x64
		{B9BC392F-5F74-4908-A6EC-1AEF6AA60B9C}.Debug|x64.Build.0 = Debug|x64
		{B9BC392F-5F74-4908-A6EC-1AEF6AA60B9C}.Debug|x86.ActiveCfg = Debug|Win32
		{B9BC392F-5F74-4908-A6EC-1AEF6AA60B9C}.Debug|x86.Build.0 = Debug|Win32
		{B9BC392F-5F74-4908-A6EC-1AEF6AA60B9C}.Release|x64.ActiveCfg = Release|x64
		{B9BC392F-5F74-4908-A6EC-1AEF6AA60B9C}.Release|x64.Build.0 = Release|x64
		{B9BC392F-5F74-4908-A6EC-1AEF6AA60B9C}.Release|x86.ActiveCfg = Release|Win32
		{B9BC392F-5F74-4908-A6EC-1AEF6AA60B9C}.Release|x86.Build.0 = Release|Win32
		{00177C24-F9F9-40B3-A204-A17758999451}.Debug|x64.ActiveCfg = Debug|x64
		{00177C24-F9F9-40B3-A204-A17758999451}.Debug|x64.Build.0 = Debug|x64
		{00177C24-F9F9-40B3-A204-A17758999451}.Debug|x86.ActiveCfg = Debug|Win32
		{00177C24-F9F9-40B3-A204-A17758999451}.Debug|x86.Build.0 = Debug|Win32
		{00177C24-F9F9-40B3-A204-A17758999451}.Release|x64.ActiveCfg = Release|x64
		{00177C24-F9F9-40B3-A204-A17758999451}.Release|x64.Build.0 = Release|x64
		{00177C24-F9F9-40B3-A204-A17758999451}.Release|x86.ActiveCfg = Release|Win32
		{00177C24-F9F9-40B3-A204-A17758999451}.Release|x86.Build.0 = Release|Win32
		{50482321-9717-4037-AFB3-8E5145A6FD8B}.Debug|x64.ActiveCfg = Debug|x64
		{50482321-9717-4037-AFB3-8E5145A6FD8B}.Debug|x64.Build.0 = Debug|x64
		{50482321-9717-4037-AFB3-8E5145A6FD8B}.Debug|x86.ActiveCfg = Debug|Win32
		{50482321-9717-4037-AFB3-8E5145A6FD8B}.Debug|x86.Build.0 = Debug|Win32
		{50482321-9717-4037-AFB3-8E5145A6FD8B}.Release|x64.ActiveCfg = Release|x64
		{50482321-9717-4037-AFB3-8E5145A6FD8B}.Release|x64.Build.0 = Release|x64
		{50482321-9717-4037-AFB3-8E5145A6FD8B}.Release|x86.ActiveCfg = Release|Win32
		{50482321-9717-4037-AFB3-8E5145A6FD8B}.Release|x86.Build.0 = Release|Win32
		{E183DD99-F33B-407F-8B2F-BD50746F22FF}.Debug|x64.ActiveCfg = Debug|x64
		{E183DD99-F33B-407F-8B2F-BD50746F22FF}.Debug|x64.Build.0 = Debug|x64
		{E183DD99-F33B-407F-8B2F-BD50746F22FF}.Debug|x86.ActiveCfg = Debug|Win32
		{E183DD99-F33B-407F-8B2F-BD50746F22FF}.Debug|x86.Build.0 = Debug|Win32
		{E183DD99-F33B-407F-8B2F-BD50746F22FF}.Release|x64.ActiveCfg = Release|x64
		{E183DD99-F33B-407F-8B2F-BD50746F22FF}.Release|x64.Build.0 = Release|x64
		{E183DD99-F33B-407F-8B2F-BD50746F22FF}.Release|x86.ActiveCfg = Release|Win32
		{E183DD99-F33B-407F-8B2F-BD50746F22FF}.Release|x86.Build.0 = Release|Win32
		{9E034171-9C12-4003-8D9C-8544AE20BDEB}.Debug|x64.ActiveCfg = Debug|x64
		{9E034171-9C12-4003-8D9C-8544AE20BDEB}.Debug|x64.Build.0 = Debug|x64
		{9E034171-9C12-4003-8D9C-8544AE20BDEB}.Debug|x86.ActiveCfg = Debug|Win32
		{9E034171-9C12-4003-8D9C-8544AE20BDEB}.Debug|x86.Build.0 = Debug|Win32
		{9E034171-9C12-4003-8D9C-8544AE20BDEB}.Release|x64.ActiveCfg = Release|x64
		{9E034171-9C12-4003-8D9C-8544AE20BDEB}.Release|x64.Build.0 = Release|x64
		{9E034171-9C12-4003-8D9C-8544AE20BDEB}.Release|x86.ActiveCfg = Release|Win32
		{9E034171-9C12-4003-8D9C-8544AE20BDEB}.Release|x86.Build.0 = Release|Win32
		{6AF8354E-682E-422E-AD64-33B3B64B1F4C}.Debug|x64.ActiveCfg = Debug|x64
		{6AF8354E-682E-422E-AD64-33B3B64B1F4C}.Debug|x64.Build.0 = Debug|x64
		{6AF8354E-682E-422E-AD64-33B3B64B1F4C}.Debug|x86.ActiveCfg = Debug|Win32
		{6AF8354E-682E-422E-AD64-33B3B64B1F4C}.Debug|x86.Build.0 = Debug|Win32
		{6AF8354E-682E-422E-AD64-33B3B64B1F4C}.Release|x64.ActiveCfg = Release|x64
		{6AF8354E-682E-422E-AD64-33B3B64B1F4C}.Release|x64.Build.0 = Release|x64
		{6AF8354E-682E-422E-AD64-33B3B64B1F4C}.Release|x86.ActiveCfg = Release|Win32
		{6AF8354E-682E-422E-AD64-33B3B64B1F4C}.Release|x86.Build.0 = Release|Win32
		{B011F8E9-9E6B-404A-B4B6-B502C2C66031}.Debug|x64.ActiveCfg = Debug|x64
		{B011F8E9-9E6B-404A-B4B6-B502C2C66031}.Debug|x64.Build.0 = Debug|x64
		{B011F8E9-9E6B-404A-B4B6-B502C2C66031}.Debug|x86.ActiveCfg = Debug|Win32
		{B011F8E9-9E6B-404A-B4B6-B502C2C66031}.Debug|x86.Build.0 = Debug|Win32
		{B011F8E9-9E6B-404A-B4B6-B502C2C66031}.Release|x64.ActiveCfg = Release|x64
		{B011F8E9-9E6B-404A-B4B6-B502C2C66031}.Release|x64.Build.0 = Release|x64
		{B011F8E9-9E6B-404A-B4B6-B502C2C66031}.Release|x86.ActiveCfg = Release|Win32
		{B011F8E9-9E6B-404A-B4B6-B502C2C66031}.Release|x86.Build.0 = Release|Win32
		{BEC6E225-1901-4295-89D3-6A47FE8AEB64}.Debug|x64.ActiveCfg = Debug|x64
		{BEC6E225-1901-4295-89D3-6A47FE8AEB64}.Debug|x64.Build.0 = Debug|x64
		{BEC6E225-1901-4295-89D3-6A47FE8AEB64}.Debug|x86.ActiveCfg = Debug|Win32
		{BEC6E225-1901-4295-89D3-6A47FE8AEB64}.Debug|x86.Build.0 = Debug|Win32
		{BEC6E225-1901-4295-89D3-6A47FE8AEB64}.Release|x64.ActiveCfg = Release|x64
		{BEC6E225-1901-4295-89D3-6A47FE8AEB64}.Release|x64.Build.0 = Release|x64
		{BEC6E225-1901-4295-89D3-6A47FE8AEB64}.Release|x86.ActiveCfg = Release|Win32
		{BEC6E225-1901-4295-89D3-6A47FE8AEB64}.Release|x86.Build.0 = Release|Win32
		{210F8863-F549-41E1-9A84-E6E7C729514A}.Debug|x64.ActiveCfg = Debug|x64
		{210F8863-F549-41E1-9A84-E6E7C729514A}.Debug|x64.Build.0 = Debug|x64
		{210F8863-F549-41E1-9A84-E6E7C729514A}.Debug|x86.ActiveCfg = Debug|Win32
		{210F8863-F549-41E1-9A84-E6E7C729514A}.Debug|x86.Build.0 = Debug|Win32
		{210F8863-F549-41E1-9A84-E6E7C729514A}.Release|x64.ActiveCfg = Release|x64
		{210F8863-F549-41E1-9A84-E6E7C729514A}.Release|x64.Build.0 = Release|x64
		{210F8863-F549-41E1-9A84-E6E7C729514A}.Release|x86.ActiveCfg = Release|Win32
		{210F8863-F549-41E1-9A84-E6E7C729514A}.Release|x86.Build.0 = Release|Win32
		{7C296B17-B0A0-4D6A-AEC1-6E9F34F3FC11}.Debug|x64.ActiveCfg = Debug|x64
		{7C296B17-B0A0-4D6A-AEC1-6E9F34F3FC11}.Debug|x64.Build.0 = Debug|x64
		{7C296B17-B0A0-4D6A-AEC1-6E9F34F3FC11}.Debug|x86.ActiveCfg = Debug|Win32
		{7C296B17-B0A0-4D6A-AEC1-6E9F34F3FC11}.Debug|x86.Build.0 = Debug|Win32
		{7C296B17-B0A0-4D6A-AEC1-6E9F34F3FC11}.Release|x64.ActiveCfg = Release|x64
		{7C296B17-B0A0-4D6A-AEC1-6E9F34F3FC11}.Release|x64.Build.0 = Release|x64
		{7C296B17-B0A0-4D6A-AEC1-6E9F34F3FC11}.Release|x86.ActiveCfg = Release|Win32
		{7C296B17-B0A0-4D6A-AEC1-6E9F34F3FC11}.Release|x86.Build.0 = Release|Win32
		{945C6EEE-54D1-4D7A-9DA4-C506E3A41188}.Debug|x64.ActiveCfg = Debug|x64
		{945C6EEE-54D1-4D7A-9DA4-C506E3A41188}.Debug|x64.Build.0 = Debug|x64
		{945C6EEE-54D1-4D7A-9DA4-C506E3A41188}.Debug|x86.ActiveCfg = Debug|Win32
		{945C6EEE-54D1-4D7A-9DA4-C506E3A41188}.Debug|x86.Build.0 = Debug|Win32
		{945C6EEE-54D1-4D7A-9DA4-C506E3A41188}.Release|x64.ActiveCfg = Release|x64
		{945C6EEE-54D1-4D7A-9DA4-C506E3A41188}.Release|x64.Build.0 = Release|x64
		{945C6EEE-54D1-4D7A-9DA4-C506E3A41188}.Release|x86.ActiveCfg = Release|Win32
		{945C6EEE-54D1-4D7A-9DA4-C506E3A41188}.Release|x86.Build.0 = Release|Win32
		{BBEEACCC-650D-482A-B822-6EDCFB6FD3C6}.Debug|x64.ActiveCfg = Debug|x64
		{BBEEACCC-650D-482A-B822-6EDCFB6FD3C6}.Debug|x64.Build.0 = Debug|x64
		{BBEEACCC-650D-482A-B822-6EDCFB6FD3C6}.Debug|x86.ActiveCfg = Debug|Win32
		{BBEEACCC-650D-482A-B822-6EDCFB6FD3C6}.Debug|x86.Build.0 = Debug|Win32
		{BBEEACCC-650D-482A-B822-6EDCFB6FD3C6}.Release|x64.ActiveCfg = Release|x64
		{BBEEACCC-650D-482A-B822-6EDCFB6FD3C6}.Release|x64.Build.0 = Release|x64
		{BBEEACCC-650D-482A-B822-6EDCFB6FD3C6}.Release|x86.ActiveCfg = Release|Win32
		{BBEEACCC-650D-482A-B822-6EDCFB6FD3C6}.Release|x86.Build.0 = Release|Win32
		{7E9FC867-2B03-4A9B-A9CD-A1998C80C72F}.Debug|x64.ActiveCfg = Debug|x64
		{7E9FC867-2B03-4A9B-A9CD-A1998C80C72F}.Debug|x64.Build.0 = Debug|x64
		{7E9FC867-2B03-4A9B-A9CD-A1998C80C72F}.Debug|x86.ActiveCfg = Debug|Win32
		{7E9FC867-2B03-4A9B-A9CD-A1998C80C72F}.Debug|x86.Build.0 = Debug|Win32
		{7E9FC867-2B03-4A9B-A9CD-A1998C80C72F}.Release|x64.ActiveCfg = Release|x64
		{7E9FC867-2B03-4A9B-A9CD-A1998C80C72F}.Release|x64.Build.0 = Release|x64
		{7E9FC867-2B03-4A9B-A9CD-A1998C80C72F}.Release|x86.ActiveCfg = Release|Win32
		{7E9FC867-2B03-4A9B-A9CD-A1998C80C72F}.Release|x86.Build.0 = Release|Win32
		{3BD28D54-19F8-4DAC-A6A6-8DCBC2AEC53A}.Debug|x64.ActiveCfg = Debug|x64
		{3BD28D54-19F8-4DAC-A6A6-8DCBC2AEC53A}.Debug|x64.Build.0 = Debug|x64
		{3BD28D54-19F8-4DAC-A6A6-8DCBC2AEC53A}.Debug|x86.ActiveCfg = Debug|Win32
		{3BD28D54-19F8-4DAC-A6A6-8DCBC2AEC53A}.Debug|x86.Build.0 = Debug|Win32
		{3BD28D54-19F8-4DAC-A6A6-8DCBC2AEC53A}.Release|x64.ActiveCfg = Release|x64
		{3BD28D54-19F8-4DAC-A6A6-8DCBC2AEC53A}.Release|x64.Build.0 = Release|x64
		{3BD28D54-19F8-4DAC-A6A6-8DCBC2AEC53A}.Release|x86.ActiveCfg = Release|Win32
		{3BD28D54-19F8-4DAC-A6A6-8DCBC2AEC53A}.Release|x86.Build.0 = Release|Win32
		{71D60AD0-23F7-4086-A8BC-FB63081CD117}.Debug|x64.ActiveCfg = Debug|x64
		{71D60AD0-23F7-4086-A8BC-FB63081CD117}.Debug|x64.Build.0 = Debug|x64
		{71D60AD0-23F7-4086-A8BC-FB63081CD117}.Debug|x86.ActiveCfg = Debug|Win32
		{71D60AD0-23F7-4086-A8BC-FB63081CD117}.Debug|x86.Build.0 = Debug|Win32
		{71D60AD0-23F7-4086-A8BC-FB63081CD117}.Release|x64.ActiveCfg = Release|x64
		{71D60AD0-23F7-4086-A8BC-FB63081CD117}.Release|x64.Build.0 = Release|x64
		{71D60AD0-23F7-4086-A8BC-FB63081CD117}.Release|x86.ActiveCfg = Release|Win32
		{71D60AD0-23F7-4086-A8BC-FB63081CD117}.Release|x86.Build.0 = Release|Win32
		{FE6F7138-5E88-4D1F-AB7D-36930AA84FFF}.Debug|x64.ActiveCfg = Debug|x64
		{FE6F7138-5E88-4D1F-AB7D-36930AA84FFF}.Debug|x64.Build.0 = Debug|x64
		{FE6F7138-5E88-4D1F-AB7D-36930AA84FFF}.Debug|x86.ActiveCfg = Debug|Win32
		{FE6F7138-5E88-4D1F-AB7D-36930AA84FFF}.Debug|x86.Build.0 = Debug|Win32
		{FE6F7138-5E88-4D1F-AB7D-36930AA84FFF}.Release|x64.ActiveCfg = Release|x64
		{FE6F7138-5E88-4D1F-AB7D-36930AA84FFF}.Release|x64.Build.0 = Release|x64
		{FE6F7138-5E88-4D1F-AB7D-36930AA84FFF}.Release|x86.ActiveCfg = Release|Win32
		{FE6F7138-5E88-4D1F-AB7D-36930AA84FFF}.Release|x86.Build.0 = Release|Win32
		{85011867-5789-4C2F-84C7-4CB01695D8F4}.Debug|x64.ActiveCfg = Debug|x64
		{85011867-5789-4C2F-84C7-4CB01695D8F4}.Debug|x64.Build.0 = Debug|x64
		{85011867-5789-4C2F-84C7-4CB01695D8F4}.Debug|x86.ActiveCfg = Debug|Win32
		{85011867-5789-4C2F-84C7-4CB01695D8F4}.Debug|x86.Build.0 = Debug|Win32
		{85011867-5789-4C2F-84C7-4CB01695D8F4}.Release|x64.ActiveCfg = Release|x64
		{85011867-5789-4C2F-84C7-4CB01695D8F4}.Release|x64.Build.0 = Release|x64
		{85011867-5789-4C2F-84C7-4CB01695D8F4}.Release|x86.ActiveCfg = Release|Win32
		{85011867-5789-4C2F-84C7-4CB01695D8F4}.Release|x86.Build.0 = Release|Win32
		{3691AF48-7081-4E42-9AB4-FB0506450897}.Debug|x64.ActiveCfg = Debug|x64
		{3691AF48-7081-4E42-9AB4-FB0506450897}.Debug|x64.Build.0 = Debug|x64
		{3691AF48-7081-4E42-9AB4-FB0506450897}.Debug|x86.ActiveCfg = Debug|Win32
		{3691AF48-7081-4E42-9AB4-FB0506450897}.Debug|x86.Build.0 = Debug|Win32
		{3691AF48-7081-4E42-9AB4-FB0506450897}.Release|x64.ActiveCfg = Release|x64
		{3691AF48-7081-4E42-9AB4-FB0506450897}.Release|x64.Build.0 = Release|x64
		{3691AF48-7081-4E42-9AB4-FB0506450897}.Release|x86.ActiveCfg = Release|Win32
		{3691AF48-7081-4E42-9AB4-FB0506450897}.Release|x86.Build.0 = Release|Win32
		{B8B15746-ACB5-480A-90C3-770679C5D527}.Debug|x64.ActiveCfg = Debug|x64
		{B8B15746-ACB5-480A-90C3-770679C5D527}.Debug|x64.Build.0 = Debug|x64
		{B8B15746-ACB5-480A-90C3-770679C5D527}.Debug|x86.ActiveCfg = Debug|Win32
		{B8B15746-ACB5-480A-90C3-770679C5D527}.Debug|x86.Build.0 = Debug|Win32
		{B8B15746-ACB5-480A-90C3-770679C5D527}.Release|x64.ActiveCfg = Release|x64
		{B8B15746-ACB5-480A-90C3-770679C5D527}.Release|x64.Build.0 = Release|x64
		{B8B15746-ACB5-480A-90C3-770679C5D527}.Release|x86.ActiveCfg = Release|Win32
		{B8B15746-ACB5-480A-90C3-770679C5D527}.Release|x86.Build.0 = Release|Win32
		{BF0DFDA3-A487-42AB-97DA-AC04940AED69}.Debug|x64.ActiveCfg = Debug|x64
		{BF0DFDA3-A487-42AB-97DA-AC04940AED69}.Debug|x64.Build.0 = Debug|x64
		{BF0DFDA3-A487-42AB-97DA-AC04940AED69}.Debug|x86.ActiveCfg = Debug|Win32
		{BF0DFDA3-A487-42AB-97DA-AC04940AED69}.Debug|x86.Build.0 = Debug|Win32
		{BF0DFDA3-A487-42AB-97DA-AC04940AED69}.Release|x64.ActiveCfg = Release|x64
		{BF0DFDA3-A487-42AB-97DA-AC04940AED69}.Release|x64.Build.0 = Release|x64
		{BF0DFDA3-A487-42AB-97DA-AC04940AED69}.Release|x86.ActiveCfg = Release|Win32
		{BF0DFDA3-A487-42AB-97DA-AC04940AED69}.Release|x86.Build.0 = Release|Win32
		{5E9E0083-EDD0-4AD5-908A-12ABA68A2862}.Debug|x64.ActiveCfg = Debug|x64
		{5E9E0083-EDD0-4AD5-908A-12ABA68A2862}.Debug|x64.Build.0 = Debug|x64
		{5E9E0083-EDD0-4AD5-908A-12ABA68A2862}.Debug|x86.ActiveCfg = Debug|Win32
		{5E9E0083-EDD0-4AD5-908A-12ABA68A2862}.Debug|x86.Build.0 = Debug|Win32
		{5E9E0083-EDD0-4AD5-908A-12ABA68A2862}.Release|x64.ActiveCfg = Release|x64
		{5E9E0083-EDD0-4AD5-908A-12ABA68A2862}.Release|x64.Build.0 = Release|x64
		{5E9E0083-EDD0-4AD5-908A-12ABA68A2862}.Release|x86.ActiveCfg = Release|Win32
		{5E9E0083-EDD0-4AD5-908A-12ABA68A2862}.Release|x86.Build.0 = Release|Win32
		{3C792807-4DF6-4471-BF35-4D0C8EC010B9}.Debug|x64.ActiveCfg = Debug|x64
		{3C792807-4DF6-4471-BF35-4D0C8EC010B9}.Debug|x64.Build.0 = Debug|x64
		{3C792807-4DF6-4471-BF35-4D0C8EC010B9}.Debug|x86.ActiveCfg = Debug|Win32
		{3C792807-4DF6-4471-BF35-4D0C8EC010B9}.Debug|x86.Build.0 = Debug|Win32
		{3C792807-4DF6-4471-BF35-4D0C8EC010B9}.Release|x64.ActiveCfg = Release|x64
		{3C792807-4DF6-4471-BF35-4D0C8EC010B9}.Release|x64.Build.0 = Release|x64
		{3C792807-4DF6-4471-BF35-4D0C8EC010B9}.Release|x86.ActiveCfg = Release|Win32
		{3C792807-4DF6-4471-BF35-4D0C8EC010B9}.Release|x86.Build.0 = Release|Win32
		{9D5B5D79-1FB4-447B-BA7D-29D65726608B}.Debug|x64.ActiveCfg = Debug|x64
		{9D5B5D79-1FB4-447B-BA7D-29D65726608B}.Debug|x64.Build.0 = Debug|x64
		{9D5B5D79-1FB4-447B-BA7D-29D65726608B}.Debug|x86.ActiveCfg = Debug|Win32
		{9D5B5D79-1FB4-447B-BA7D-29D65726608B}.Debug|x86.Build.0 = Debug|Win32
		{9D5B5D79-1FB4-447B-BA7D-29D65726608B}.Release|x64.ActiveCfg = Release|x64
		{9D5B5D79-1FB4-447B-BA7D-29D65726608B}.Release|x64.Build.0 = Release|x64
		{9D5B5D79-1FB4-447B-BA7D-29D65726608B}.Release|x86.ActiveCfg = Release|Win32
		{9D5B5D79-1FB4-447B-BA7D-29D65726608B}.Release|x86.Build.0 = Release|Win32
		{866F6C75-D358-4442-830B-B39A8FF96B24}.Debug|x64.ActiveCfg = Debug|x64
		{866F6C75-D358-4442-830B-B39A8FF96B24}.Debug|x64.Build.0 = Debug|x64
		{866F6C75-D358-4442-830B-B39A8FF96B24}.Debug|x86.ActiveCfg = Debug|Win32
		{866F6C75-D358-4442-830B-B39A8FF96B24}.Debug|x86.Build.0 = Debug|Win32
		{866F6C75-D358-4442-830B-B39A8FF96B24}.Release|x64.ActiveCfg = Release|x64
		{866F6C75-D358-4442-830B-B39A8FF96B24}.Release|x64.Build.0 = Release|x64
		{866F6C75-D358-4442-830B-B39A8FF96B24}.Release|x86.ActiveCfg = Release|Win32
		{866F6C75-D358-4442-830B-B39A8FF96B24}.Release|x86.Build.0 = Release|Win32
		{03BB6D90-9A05-4065-9A77-CAF382B003BD}.Debug|x64.ActiveCfg = Debug|x64
		{03BB6D90-9A05-4065-9A77-CAF382B003BD}.Debug|x64.Build.0 = Debug|x64
		{03BB6D90-9A05-4065-9A77-CAF382B003BD}.Debug|x86.ActiveCfg = Debug|Win32
		{03BB6D90-9A05-4065-9A77-CAF382B003BD}.Debug|x86.Build.0 = Debug|Win32
		{03BB6D90-9A05-4065-9A77-CAF382B003BD}.Release|x64.ActiveCfg = Release|x64
		{03BB6D90-9A05-4065-9A77-CAF382B003BD}.Release|x64.Build.0 = Release|x64
		{03BB6D90-9A05-4065-9A77-CAF382B003BD}.Release|x86.ActiveCfg = Release|Win32
		{03BB6D90-9A05-4065-9A77-CAF382B003BD}.Release|x86.Build.0 = Release|Win32
		{FD41D97D-7F6A-4C87-A612-B55BA6D2FF17}.Debug|x64.ActiveCfg = Debug|x64
		{FD41D97D-7F6A-4C87-A612-B55BA6D2FF17}.Debug|x64.Build.0 = Debug|x64
		{FD41D97D-7F6A-4C87-A612-B55BA6D2FF17}.Debug|x86.ActiveCfg = Debug|Win32
		{FD41D97D-7F6A-4C87-A612-B55BA6D2FF17}.Debug|x86.Build.0 = Debug|Win32
		{FD41D97D-7F6A-4C87-A612-B55BA6D2FF17}.Release|x64.ActiveCfg = Release|x64
		{FD41D97D-7F6A-4C87-A612-B55BA6D2FF17}.Release|x64.Build.0 = Release|x64
		{FD41D97D-7F6A-4C87-A612-B55BA6D2FF17}.Release|x86.ActiveCfg = Release|Win32
		{FD41D97D-7F6A-4C87-A612-B55BA6D2FF17}.Release|x86.Build.0 = Release|Win32
		{9296CF44-37A9-406D-814A-0C1E74091A4D}.Debug|x64.ActiveCfg = Debug|x64
		{9296CF44-37A9-406D-814A-0C1E74091A4D}.Debug|x64.Build.0 = Debug|x64
		{9296CF44-37A9-406D-814A-0C1E74091A4D}.Debug|x86.ActiveCfg = Debug|Win32
		{9296CF44-37A9-406D-814A-0C1E74091A4D}.Debug|x86.Build.0 = Debug|Win32
		{9296CF44-37A9-406D-814A-0C1E74091A4D}.Release|x64.ActiveCfg = Release|x64
		{9296CF44-37A9-406D-814A-0C1E74091A4D}.Release|x64.Build.0 = Release|x64
		{9296CF44-37A9-406D-814A-0C1E74091A4D}.Release|x86.ActiveCfg = Release|Win32
		{9296CF44-37A9-406D-814A-0C1E74091A4D}.Release|x86.Build.0 = Release|Win32
		{46A7EB0D-C1E2-4985-AC1E-9A473F9EEE52}.Debug|x64.ActiveCfg = Debug|x64
		{46A7EB0D-C1E2-4985-AC1E-9A473F9EEE52}.Debug|x64.Build.0 = Debug|x64
		{46A7EB0D-C1E2-4985-AC1E-9A473F9EEE52}.Debug|x86.ActiveCfg = Debug|Win32
		{46A7EB0D-C1E2-4985-AC1E-9A473F9EEE52}.Debug|x86.Build.0 = Debug|Win32
		{46A7EB0D-C1E2-4985-AC1E-9A473F9EEE52}.Release|x64.ActiveCfg = Release|x64
		{46A7EB0D-C1E2-4985-AC1E-9A473F9EEE52}.Release|x64.Build.0 = Release|x64
		{46A7EB0D-C1E2-4985-AC1E-9A473F9EEE52}.Release|x86.ActiveCfg = Release|Win32
		{46A7EB0D-C1E2-4985-AC1E-9A473F9EEE52}.Release|x86.Build.0 = Release|Win32
		{9C1D41FE-5B6C-4AAD-8066-BDEB577F49F2}.Debug|x64.ActiveCfg = Debug|x64
		{9C1D41FE-5B6C-4AAD-8066-BDEB577F49F2}.Debug|x64.Build.0 = Debug|x64
		{9C1D41FE-5B6C-4AAD-8066-BDEB577F49F2}.Debug|x86.ActiveCfg = Debug|Win32
		{9C1D41FE-5B6C-4AAD-8066-BDEB577F49F2}.Debug|x86.Build.0 = Debug|Win32
		{9C1D41FE-5B6C-4AAD-8066-BDEB577F49F2}.Release|x64.ActiveCfg = Release|x64
		{9C1D41FE-5B6C-4AAD-8066-BDEB577F49F2}.Release|x64.Build.0 = Release|x64
		{9C1D41FE-5B6C-4AAD-8066-BDEB577F49F2}.Release|x86.ActiveCfg = Release|Win32
		{9C1D41FE-5B6C-4AAD-8066-BDEB577F49F2}.Release|x86.Build.0 = Release|Win32
		{CB40F1F3-B646-408A-BF00-0BAF89D2E499}.Debug|x64.ActiveCfg = Debug|x64
		{CB40F1F3-B646-408A-BF00-0BAF89D2E499}.Debug|x64.Build.0 = Debug|x64
		{CB40F1F3-B646-408A-BF00-0BAF89D2E499}.Debug|x86.ActiveCfg = Debug|Win32
		{CB40F1F3-B646-408A-BF00-0BAF89D2E499}.Debug|x86.Build.0 = Debug|Win32
		{CB40F1F3-B646-408A-BF00-0BAF89D2E499}.Release|x64.ActiveCfg = Release|x64
		{CB40F1F3-B646-408A-BF00-0BAF89D2E499}.Release|x64.Build.0 = Release|x64
		{CB40F1F3-B646-408A-BF00-0BAF89D2E499}.Release|x86.ActiveCfg = Release|Win32
		{CB40F1F3-B646-408A-BF00-0BAF89D2E499}.Release|x86.Build.0 = Release|Win32
		{7DF8A429-F38F-490A-B23A-25C24C9C3888}.Debug|x64.ActiveCfg = Debug|x64
		{7DF8A429-F38F-490A-B23A-25C24C9C3888}.Debug|x64.Build.0 = Debug|x64
		{7DF8A429-F38F-490A-B23A-25C24C9C3888}.Debug|x86.ActiveCfg = Debug|Win32
		{7DF8A429-F38F-490A-B23A-25C24C9C3888}.Debug|x86.Build.0 = Debug|Win32
		{7DF8A429-F38F-490A-B23A-25C24C9C3888}.Release|x64.ActiveCfg = Release|x64
		{7DF8A429-F38F-490A-B23A-25C24C9C3888}.Release|x64.Build.0 = Release|x64
		{7DF8A429-F38F-490A-B23A-25C24C9C3888}.Release|x86.ActiveCfg = Release|Win32
		{7DF8A429-F38F-490A-B23A-25C24C9C3888}.Release|x86.Build.0 = Release|Win32
		{103830B9-1A4E-483A-9F3D-238DDB2DED23}.Debug|x64.ActiveCfg = Debug|x64
		{103830B9-1A4E-483A-9F3D-238DDB2DED23}.Debug|x64.Build.0 = Debug|x64
		{103830B9-1A4E-483A-9F3D-238DDB2DED23}.Debug|x86.ActiveCfg = Debug|Win32
		{103830B9-1A4E-483A-9F3D-238DDB2DED23}.Debug|x86.Build.0 = Debug|Win32
		{103830B9-1A4E-483A-9F3D-238DDB2DED23}.Release|x64.ActiveCfg = Release|x64
		{103830B9-1A4E-483A-9F3D-238DDB2DED23}.Release|x64.Build.0 = Release|x64
		{103830B9-1A4E-483A-9F3D-238DDB2DED23}.Release|x86.ActiveCfg = Release|Win32
		{103830B9-1A4E-483A-9F3D-238DDB2DED23}.Release|x86.Build.0 = Release|Win32
		{550AFFA8-4FAA-48FC-9883-80FBD4F514A1}.Debug|x64.ActiveCfg = Debug|x64
		{550AFFA8-4FAA-48FC-9883-80FBD4F514A1}.Debug|x64.Build.0 = Debug|x64
		{550AFFA8-4FAA-48FC-9883-80FBD4F514A1}.Debug|x86.ActiveCfg = Debug|Win32
		{550AFFA8-4FAA-48FC-9883-80FBD4F514A1}.Debug|x86.Build.0 = Debug|Win32
		{550AFFA8-4FAA-48FC-9883-80FBD4F514A1}.Release|x64.ActiveCfg = Release|x64
		{550AFFA8-4FAA-48FC-9883-80FBD4F514A1}.Release|x64.Build.0 = Release|x64
		{550AFFA8-4FAA-48FC-9883-80FBD4F514A1}.Release|x86.ActiveCfg = Release|Win32
		{550AFFA8-4FAA-48FC-9883-80FBD4F514A1}.Release|x86.Build.0 = Release|Win32
		{7AE6592C-EEA4-4D63-BAEF-41F72DB993EA}.Debug|x64.ActiveCfg = Debug|x64
		{7AE6592C-EEA4-4D63-BAEF-41F72DB993EA}.Debug|x64.Build.0 = Debug|x64
		{7AE6592C-EEA4-4D63-BAEF-41F72DB993EA}.Debug|x86.ActiveCfg = Debug|Win32
		{7AE6592C-EEA4-4D63-BAEF-41F72DB993EA}.Debug|x86.Build.0 = Debug|Win32
		{7AE6592C-EEA4-4D63-BAEF-41F72DB993EA}.Release|x64.ActiveCfg = Release|x64
		{7AE6592C-EEA4-4D63-BAEF-41F72DB993EA}.Release|x64.Build.0 = Release|x64
		{7AE6592C-EEA4-4D63-BAEF-41F72DB993EA}.Release|x86.ActiveCfg = Release|Win32
		{7AE6592C-EEA4-4D63-BAEF-41F72DB993EA}.Release|x86.Build.0 = Release|Win32
		{EF76EB03-2F2C-4A2F-ADA2-14E44D1515F5}.Debug|x64.ActiveCfg = Debug|x64
		{EF76EB03-2F2C-4A2F-ADA2-14E44D1515F5}.Debug|x64.Build.0 = Debug|x64
		{EF76EB03-2F2C-4A2F-ADA2-14E44D1515F5}.Debug|x86.ActiveCfg = Debug|Win32
		{EF76EB03-2F2C-4A2F-ADA2-14E44D1515F5}.Debug|x86.Build.0 = Debug|Win32
		{EF76EB03-2F2C-4A2F-ADA2-14E44D1515F5}.Release|x64.ActiveCfg = Release|x64
		{EF76EB03-2F2C-4A2F-ADA2-14E44D1515F5}.Release|x64.Build.0 = Release|x64
		{EF76EB03-2F2C-4A2F-ADA2-14E44D1515F5}.Release|x86.ActiveCfg = Release|Win32
		{EF76EB03-2F2C-4A2F-ADA2-14E44D1515F5}.Release|x86.Build.0 = Release|Win32
		{48DA5190-435D-4A7D-8A34-F08947D7E1A9}.Debug|x64.ActiveCfg = Debug|x64
		{48DA5190-435D-4A7D-8A34-F08947D7E1A9}.Debug|x64.Build.0 = Debug|x64
		{48DA5190-435D-4A7D-8A34-F08947D7E1A9}.Debug|x86.ActiveCfg = Debug|Win32
		{48DA5190-435D-4A7D-8A34-F08947D7E1A9}.Debug|x86.Build.0 = Debug|Win32
		{48DA5190-435D-4A7D-8A34-F08947D7E1A9}.Release|x64.ActiveCfg = Release|x64
		{48DA5190-435D-4A7D-8A34-F08947D7E1A9}.Release|x64.Build.0 = Release|x64
		{48DA5190-435D-4A7D-8A34-F08947D7E1A9}.Release|x86.ActiveCfg = Release|Win32
		{48DA5190-435D-4A7D-8A34-F08947D7E1A9}.Release|x86.Build.0 = Release|Win32
		{CA207611-AFE9-4373-9D6B-774A224F49B3}.Debug|x64.ActiveCfg = Debug|x64
		{CA207611-AFE9-4373-9D6B-774A224F49B3}.Debug|x64.Build.0 = Debug|x64
		{CA207611-AFE9-4373-9D6B-774A224F49B3}.Debug|x86.ActiveCfg = Debug|Win32
		{CA207611-AFE9-4373-9D6B-774A224F49B3}.Debug|x86.Build.0 = Debug|Win32
		{CA207611-AFE9-4373-9D6B-774A224F49B3}.Release|x64.ActiveCfg = Release|x64
		{CA207611-AFE9-4373-9D6B-774A224F49B3}.Release|x64.Build.0 = Release|x64
		{CA207611-AFE9-4373-9D6B-774A224F49B3}.Release|x86.ActiveCfg = Release|Win32
		{CA207611-AFE9-4373-9D6B-774A224F49B3}.Release|x86.Build.0 = Release|Win32
		{4024369B-3F99-41ED-9A7F-B65A2232B18D}.Debug|x64.ActiveCfg = Debug|x64
		{4024369B-3F99-41ED-9A7F-B65A2232B18D}.Debug|x64.Build.0 = Debug|x64
		{4024369B-3F99-41ED-9A7F-B65A2232B18D}.Debug|x86.ActiveCfg = Debug|Win32
		{4024369B-3F99-41ED-9A7F-B65A2232B18D}.Debug|x86.Build.0 = Debug|Win32
		{4024369B-3F99-41ED-9A7F-B65A2232B18D}.Release|x64.ActiveCfg = Release|x64
		{4024369B-3F99-41ED-9A7F-B65A2232B18D}.Release|x64.Build.0 = Release|x64
		{4024369B-3F99-41ED-9A7F-B65A2232B18D}.Release|x86.ActiveCfg = Release|Win32
		{4024369B-3F99-41ED-9A7F-B65A2232B18D}.Release|x86.Build.0 = Release|Win32
		{12F002B1-9BCE-452E-9B69-E784E0E495A3}.Debug|x64.ActiveCfg = Debug|x64
		{12F002B1-9BCE-452E-9B69-E784E0E495A3}.Debug|x64.Build.0 = Debug|x64
		{12F002B1-9BCE-452E-9B69-E784E0E495A3}.Debug|x86.ActiveCfg = Debug|Win32
		{12F002B1-9BCE-452E-9B69-E784E0E495A3}.Debug|x86.Build.0 = Debug|Win32
		{12F002B1-9BCE-452E-9B69-E784E0E495A3}.Release|x64.ActiveCfg = Release|x64
		{12F002B1-9BCE-452E-9B69-E784E0E495A3}.Release|x64.Build.0 = Release|x64
		{12F002B1-9BCE-452E-9B69-E784E0E495A3}.Release|x86.ActiveCfg = Release|Win32
		{12F002B1-9BCE-452E-9B69-E784E0E495A3}.Release|x86.Build.0 = Release|Win32
		{98E4D77D-7A5E-4201-84FD-F467168DB4C3}.Debug|x64.ActiveCfg = Debug|x64
		{98E4D77D-7A5E-4201-84FD-F467168DB4C3}.Debug|x64.Build.0 = Debug|x64
		{98E4D77D-7A5E-4201-84FD-F467168DB4C3}.Debug|x86.ActiveCfg = Debug|Win32
		{98E4D77D-7A5E-4201-84FD-F467168DB4C3}.Debug|x86.Build.0 = Debug|Win32
		{98E4D77D-7A5E-4201-84FD-F467168DB4C3}.Release|x64.ActiveCfg = Release|x64
		{98E4D77D-7A5E-4201-84FD-F467168DB4C3}.Release|x64.Build.0 = Release|x64
		{98E4D77D-7A5E-4201-84FD-F467168DB4C3}.Release|x86.ActiveCfg = Release|Win32
		{98E4D77D-7A5E-4201-84FD-F467168DB4C3}.Release|x86.Build.0 = Release|Win32
		{38917680-8615-4547-A790-8C0B6D8AA101}.Debug|x64.ActiveCfg = Debug|x64
		{38917680-8615-4547-A790-8C0B6D8AA101}.Debug|x64.Build.0 = Debug|x64
		{38917680-8615-4547-A790-8C0B6D8AA101}.Debug|x86.ActiveCfg = Debug|Win32
		{38917680-8615-4547-A790-8C0B6D8AA101}.Debug|x86.Build.0 = Debug|Win32
		{38917680-8615-4547-A790-8C0B6D8AA101}.Release|x64.ActiveCfg = Release|x64
		{38917680-8615-4547-A790-8C0B6D8AA101}.Release|x64.Build.0 = Release|x64
		{38917680-8615-4547-A790-8C0B6D8AA101}.Release|x86.ActiveCfg = Release|Win32
		{38917680-8615-4547-A790-8C0B6D8AA101}.Release|x86.Build.0 = Release|Win32
		{06269B44-5BEC-4963-98AD-A85C4A82B7B8}.Debug|x64.ActiveCfg = Debug|x64
		{06269B44-5BEC-4963-98AD-A85C4A82B7B8}.Debug|x64.Build.0 = Debug|x64
		{06269B44-5BEC-4963-98AD-A85C4A82B7B8}.Debug|x86.ActiveCfg = Debug|Win32
		{06269B44-5BEC-4963-98AD-A85C4A82B7B8}.Debug|x86.Build.0 = Debug|Win32
		{06269B44-5BEC-4963-98AD-A85C4A82B7B8}.Release|x64.ActiveCfg = Release|x64
		{06269B44-5BEC-4963-98AD-A85C4A82B7B8}.Release|x64.Build.0 = Release|x64
		{06269B44-5BEC-4963-98AD-A85C4A82B7B8}.Release|x86.ActiveCfg = Release|Win32
		{06269B44-5BEC-4963-98AD-A85C4A82B7B8}.Release|x86.Build.0 = Release|Win32
		{6873EAE3-D9CC-48E8-A9A7-3DF576F08D96}.Debug|x64.ActiveCfg = Debug|x64
		{6873EAE3-D9CC-48E8-A9A7-3DF576F08D96}.Debug|x64.Build.0 = Debug|x64
		{6873EAE3-D9CC-48E8-A9A7-3DF576F08D96}.Debug|x86.ActiveCfg = Debug|Win32
		{6873EAE3-D9CC-48E8-A9A7-3DF576F08D96}.Debug|x86.Build.0 = Debug|Win32
		{6873EAE3-D9CC-48E8-A9A7-3DF576F08D96}.Release|x64.ActiveCfg = Release|x64
		{6873EAE3-D9CC-48E8-A9A7-3DF576F08D96}.Release|x64.Build.0 = Release|x64
		{6873EAE3-D9CC-48E8-A9A7-3DF576F08D96}.Release|x86.ActiveCfg = Release|Win32
		{6873EAE3-D9CC-48E8-A9A7-3DF576F08D96}.Release|x86.Build.0 = Release|Win32
		{56C92C6A-A1DF-4BC8-9E6F-BE601AAD6551}.Debug|x64.ActiveCfg = Debug|x64
		{56C92C6A-A1DF-4BC8-9E6F-BE601AAD6551}.Debug|x64.Build.0 = Debug|x64
		{56C92C6A-A1DF-4BC8-9E6F-BE601AAD6551}.Debug|x86.ActiveCfg = Debug|Win32
		{56C92C6A-A1DF-4BC8-9E6F-BE601AAD6551}.Debug|x86.Build.0 = Debug|Win32
		{56C92C6A-A1DF-4BC8-9E6F-BE601AAD6551}.Release|x64.ActiveCfg = Release|x64
		{56C92C6A-A1DF-4BC8-9E6F-BE601AAD6551}.Release|x64.Build.0 = Release|x64
		{56C92C6A-A1DF-4BC8-9E6F-BE601AAD6551}.Release|x86.ActiveCfg = Release|Win32
		{56C92C6A-A1DF-4BC8-9E6F-BE601AAD6551}.Release|x86.Build.0 = Release|Win32
	EndGlobalSection
	GlobalSection(SolutionProperties) = preSolution
		HideSolutionNode = FALSE
	EndGlobalSection
	GlobalSection(NestedProjects) = preSolution
		{9684A0CC-1A12-4D72-AAF5-45B4D4526E6B} = {A67F7479-6374-4FA8-A71E-8724167A0C75}
		{487CF8F0-5E3A-4B3B-B323-ABA5C02BDC9A} = {A67F7479-6374-4FA8-A71E-8724167A0C75}
		{91628667-46F4-490A-94E2-071343C2A03E} = {A67F7479-6374-4FA8-A71E-8724167A0C75}
		{023604EF-6F66-4A9A-84AB-FD4051132219} = {A67F7479-6374-4FA8-A71E-8724167A0C75}
		{B9BC392F-5F74-4908-A6EC-1AEF6AA60B9C} = {A67F7479-6374-4FA8-A71E-8724167A0C75}
		{00177C24-F9F9-40B3-A204-A17758999451} = {A67F7479-6374-4FA8-A71E-8724167A0C75}
		{50482321-9717-4037-AFB3-8E5145A6FD8B} = {A67F7479-6374-4FA8-A71E-8724167A0C75}
		{E183DD99-F33B-407F-8B2F-BD50746F22FF} = {A67F7479-6374-4FA8-A71E-8724167A0C75}
		{9E034171-9C12-4003-8D9C-8544AE20BDEB} = {CCBA6CC9-B922-4183-A28A-CC236150BCC6}
		{6AF8354E-682E-422E-AD64-33B3B64B1F4C} = {CCBA6CC9-B922-4183-A28A-CC236150BCC6}
		{B011F8E9-9E6B-404A-B4B6-B502C2C66031} = {CCBA6CC9-B922-4183-A28A-CC236150BCC6}
		{BEC6E225-1901-4295-89D3-6A47FE8AEB64} = {CCBA6CC9-B922-4183-A28A-CC236150BCC6}
		{210F8863-F549-41E1-9A84-E6E7C729514A} = {CCBA6CC9-B922-4183-A28A-CC236150BCC6}
		{7C296B17-B0A0-4D6A-AEC1-6E9F34F3FC11} = {CCBA6CC9-B922-4183-A28A-CC236150BCC6}
		{945C6EEE-54D1-4D7A-9DA4-C506E3A41188} = {C077275B-6040-4AB5-B8DC-2AEFA8B33F88}
		{BBEEACCC-650D-482A-B822-6EDCFB6FD3C6} = {C077275B-6040-4AB5-B8DC-2AEFA8B33F88}
		{7E9FC867-2B03-4A9B-A9CD-A1998C80C72F} = {C077275B-6040-4AB5-B8DC-2AEFA8B33F88}
		{3BD28D54-19F8-4DAC-A6A6-8DCBC2AEC53A} = {C077275B-6040-4AB5-B8DC-2AEFA8B33F88}
		{71D60AD0-23F7-4086-A8BC-FB63081CD117} = {C077275B-6040-4AB5-B8DC-2AEFA8B33F88}
		{FE6F7138-5E88-4D1F-AB7D-36930AA84FFF} = {C077275B-6040-4AB5-B8DC-2AEFA8B33F88}
		{85011867-5789-4C2F-84C7-4CB01695D8F4} = {48B32DE1-BA16-4E1E-9BF6-A9EFF96FC9A3}
		{3691AF48-7081-4E42-9AB4-FB0506450897} = {48B32DE1-BA16-4E1E-9BF6-A9EFF96FC9A3}
		{B8B15746-ACB5-480A-90C3-770679C5D527} = {48B32DE1-BA16-4E1E-9BF6-A9EFF96FC9A3}
		{BF0DFDA3-A487-42AB-97DA-AC04940AED69} = {48B32DE1-BA16-4E1E-9BF6-A9EFF96FC9A3}
		{5E9E0083-EDD0-4AD5-908A-12ABA68A2862} = {48B32DE1-BA16-4E1E-9BF6-A9EFF96FC9A3}
		{3C792807-4DF6-4471-BF35-4D0C8EC010B9} = {48B32DE1-BA16-4E1E-9BF6-A9EFF96FC9A3}
		{9D5B5D79-1FB4-447B-BA7D-29D65726608B} = {48B32DE1-BA16-4E1E-9BF6-A9EFF96FC9A3}
		{866F6C75-D358-4442-830B-B39A8FF96B24} = {48B32DE1-BA16-4E1E-9BF6-A9EFF96FC9A3}
		{03BB6D90-9A05-4065-9A77-CAF382B003BD} = {98FFA250-F0C8-499E-A786-6DC558224C33}
		{FD41D97D-7F6A-4C87-A612-B55BA6D2FF17} = {98FFA250-F0C8-499E-A786-6DC558224C33}
		{9296CF44-37A9-406D-814A-0C1E74091A4D} = {98FFA250-F0C8-499E-A786-6DC558224C33}
		{46A7EB0D-C1E2-4985-AC1E-9A473F9EEE52} = {70ABF2D4-7707-4A67-87FE-E23CE4D8C640}
		{9C1D41FE-5B6C-4AAD-8066-BDEB577F49F2} = {70ABF2D4-7707-4A67-87FE-E23CE4D8C640}
		{CB40F1F3-B646-408A-BF00-0BAF89D2E499} = {70ABF2D4-7707-4A67-87FE-E23CE4D8C640}
		{7DF8A429-F38F-490A-B23A-25C24C9C3888} = {70ABF2D4-7707-4A67-87FE-E23CE4D8C640}
		{103830B9-1A4E-483A-9F3D-238DDB2DED23} = {70ABF2D4-7707-4A67-87FE-E23CE4D8C640}
		{550AFFA8-4FAA-48FC-9883-80FBD4F514A1} = {70ABF2D4-7707-4A67-87FE-E23CE4D8C640}
		{7AE6592C-EEA4-4D63-BAEF-41F72DB993EA} = {70ABF2D4-7707-4A67-87FE-E23CE4D8C640}
		{EF76EB03-2F2C-4A2F-ADA2-14E44D1515F5} = {70ABF2D4-7707-4A67-87FE-E23CE4D8C640}
		{48DA5190-435D-4A7D-8A34-F08947D7E1A9} = {30A5AB82-2D17-4B32-A1D7-2FD19D9DE99A}
		{CA207611-AFE9-4373-9D6B-774A224F49B3} = {30A5AB82-2D17-4B32-A1D7-2FD19D9DE99A}
		{4024369B-3F99-41ED-9A7F-B65A2232B18D} = {30A5AB82-2D17-4B32-A1D7-2FD19D9DE99A}
		{12F002B1-9BCE-452E-9B69-E784E0E495A3} = {30A5AB82-2D17-4B32-A1D7-2FD19D9DE99A}
		{98E4D77D-7A5E-4201-84FD-F467168DB4C3} = {30A5AB82-2D17-4B32-A1D7-2FD19D9DE99A}
		{38917680-8615-4547-A790-8C0B6D8AA101} = {30A5AB82-2D17-4B32-A1D7-2FD19D9DE99A}
		{06269B44-5BEC-4963-98AD-A85C4A82B7B8} = {30A5AB82-2D17-4B32-A1D7-2FD19D9DE99A}
		{6873EAE3-D9CC-48E8-A9A7-3DF576F08D96} = {5835F578-D20E-437E-9DD4-24A7C8F22155}
		{56C92C6A-A1DF-4BC8-9E6F-BE601AAD6551} = {5835F578-D20E-437E-9DD4-24A7C8F22155}
	EndGlobalSection
	GlobalSection(ExtensibilityGlobals) = postSolution
		SolutionGuid = {67BAF718-FF35-41DF-B12F-7126A43A83E0}
	EndGlobalSection
EndGlobal
